
Microsoft Visual Studio Solution File, Format Version 12.00
# Visual Studio Version 17
VisualStudioVersion = 17.14.36414.22 d17.14
MinimumVisualStudioVersion = 10.0.40219.1
Project("{FAE04EC0-301F-11D3-BF4B-00C04F79EFBC}") = "лаба2", "лаба2\лаба2.csproj", "{7749A26F-0D0A-4B0D-8C29-95BF70689DF8}"
EndProject
Global
	GlobalSection(SolutionConfigurationPlatforms) = preSolution
		Debug|Any CPU = Debug|Any CPU
		Release|Any CPU = Release|Any CPU
	EndGlobalSection
	GlobalSection(ProjectConfigurationPlatforms) = postSolution
		{7749A26F-0D0A-4B0D-8C29-95BF70689DF8}.Debug|Any CPU.ActiveCfg = Debug|Any CPU
		{7749A26F-0D0A-4B0D-8C29-95BF70689DF8}.Debug|Any CPU.Build.0 = Debug|Any CPU
		{7749A26F-0D0A-4B0D-8C29-95BF70689DF8}.Release|Any CPU.ActiveCfg = Release|Any CPU
		{7749A26F-0D0A-4B0D-8C29-95BF70689DF8}.Release|Any CPU.Build.0 = Release|Any CPU
	EndGlobalSection
	GlobalSection(SolutionProperties) = preSolution
		HideSolutionNode = FALSE
	EndGlobalSection
	GlobalSection(ExtensibilityGlobals) = postSolution
		SolutionGuid = {4CBD3B71-D1A2-4C94-A4CF-CB5652DDD699}
	EndGlobalSection
EndGlobal
